// !$*UTF8*$!
{
	archiveVersion = 1;
	classes = {
	};
	objectVersion = 50;
	objects = {

/* Begin PBXBuildFile section */
		F4727D8A20ECE819002BBDDA /* AppDelegate.swift in Sources */ = {isa = PBXBuildFile; fileRef = F4727D8920ECE819002BBDDA /* AppDelegate.swift */; };
		F4727D8C20ECE819002BBDDA /* ViewController.swift in Sources */ = {isa = PBXBuildFile; fileRef = F4727D8B20ECE819002BBDDA /* ViewController.swift */; };
		F4727D8F20ECE819002BBDDA /* Main.storyboard in Resources */ = {isa = PBXBuildFile; fileRef = F4727D8D20ECE819002BBDDA /* Main.storyboard */; };
		F4727D9120ECE81A002BBDDA /* Assets.xcassets in Resources */ = {isa = PBXBuildFile; fileRef = F4727D9020ECE81A002BBDDA /* Assets.xcassets */; };
		F4727D9420ECE81A002BBDDA /* LaunchScreen.storyboard in Resources */ = {isa = PBXBuildFile; fileRef = F4727D9220ECE81A002BBDDA /* LaunchScreen.storyboard */; };
		F4BFAB5920EDAE3C00D35258 /* Concentration.swift in Sources */ = {isa = PBXBuildFile; fileRef = F4BFAB5820EDAE3C00D35258 /* Concentration.swift */; };
		F4BFAB5B20EDAF2600D35258 /* Card.swift in Sources */ = {isa = PBXBuildFile; fileRef = F4BFAB5A20EDAF2600D35258 /* Card.swift */; };
		F4BFAB5D20EE425A00D35258 /* HelperExtensions.swift in Sources */ = {isa = PBXBuildFile; fileRef = F4BFAB5C20EE425A00D35258 /* HelperExtensions.swift */; };
/* End PBXBuildFile section */

/* Begin PBXFileReference section */
		F4727D8620ECE819002BBDDA /* Concentration.app */ = {isa = PBXFileReference; explicitFileType = wrapper.application; includeInIndex = 0; path = Concentration.app; sourceTree = BUILT_PRODUCTS_DIR; };
		F4727D8920ECE819002BBDDA /* AppDelegate.swift */ = {isa = PBXFileReference; lastKnownFileType = sourcecode.swift; path = AppDelegate.swift; sourceTree = "<group>"; };
		F4727D8B20ECE819002BBDDA /* ViewController.swift */ = {isa = PBXFileReference; lastKnownFileType = sourcecode.swift; path = ViewController.swift; sourceTree = "<group>"; };
		F4727D8E20ECE819002BBDDA /* Base */ = {isa = PBXFileReference; lastKnownFileType = file.storyboard; name = Base; path = Base.lproj/Main.storyboard; sourceTree = "<group>"; };
		F4727D9020ECE81A002BBDDA /* Assets.xcassets */ = {isa = PBXFileReference; lastKnownFileType = folder.assetcatalog; path = Assets.xcassets; sourceTree = "<group>"; };
		F4727D9320ECE81A002BBDDA /* Base */ = {isa = PBXFileReference; lastKnownFileType = file.storyboard; name = Base; path = Base.lproj/LaunchScreen.storyboard; sourceTree = "<group>"; };
		F4727D9520ECE81A002BBDDA /* Info.plist */ = {isa = PBXFileReference; lastKnownFileType = text.plist.xml; path = Info.plist; sourceTree = "<group>"; };
		F4BFAB5820EDAE3C00D35258 /* Concentration.swift */ = {isa = PBXFileReference; lastKnownFileType = sourcecode.swift; path = Concentration.swift; sourceTree = "<group>"; };
		F4BFAB5A20EDAF2600D35258 /* Card.swift */ = {isa = PBXFileReference; lastKnownFileType = sourcecode.swift; path = Card.swift; sourceTree = "<group>"; };
		F4BFAB5C20EE425A00D35258 /* HelperExtensions.swift */ = {isa = PBXFileReference; lastKnownFileType = sourcecode.swift; path = HelperExtensions.swift; sourceTree = "<group>"; };
/* End PBXFileReference section */

/* Begin PBXFrameworksBuildPhase section */
		F4727D8320ECE819002BBDDA /* Frameworks */ = {
			isa = PBXFrameworksBuildPhase;
			buildActionMask = 2147483647;
			files = (
			);
			runOnlyForDeploymentPostprocessing = 0;
		};
/* End PBXFrameworksBuildPhase section */

/* Begin PBXGroup section */
		F4727D7D20ECE819002BBDDA = {
			isa = PBXGroup;
			children = (
				F4727D8820ECE819002BBDDA /* Concentration */,
				F4727D8720ECE819002BBDDA /* Products */,
			);
			sourceTree = "<group>";
		};
		F4727D8720ECE819002BBDDA /* Products */ = {
			isa = PBXGroup;
			children = (
				F4727D8620ECE819002BBDDA /* Concentration.app */,
			);
			name = Products;
			sourceTree = "<group>";
		};
		F4727D8820ECE819002BBDDA /* Concentration */ = {
			isa = PBXGroup;
			children = (
				F4727D8B20ECE819002BBDDA /* ViewController.swift */,
				F4BFAB5820EDAE3C00D35258 /* Concentration.swift */,
				F4BFAB5A20EDAF2600D35258 /* Card.swift */,
				F4BFAB5C20EE425A00D35258 /* HelperExtensions.swift */,
				F4727D8D20ECE819002BBDDA /* Main.storyboard */,
				F4727D9B20ECE87E002BBDDA /* Supporting Files */,
				F4727D9520ECE81A002BBDDA /* Info.plist */,
			);
			path = Concentration;
			sourceTree = "<group>";
		};
		F4727D9B20ECE87E002BBDDA /* Supporting Files */ = {
			isa = PBXGroup;
			children = (
				F4727D8920ECE819002BBDDA /* AppDelegate.swift */,
				F4727D9020ECE81A002BBDDA /* Assets.xcassets */,
				F4727D9220ECE81A002BBDDA /* LaunchScreen.storyboard */,
			);
			path = "Supporting Files";
			sourceTree = "<group>";
		};
/* End PBXGroup section */

/* Begin PBXNativeTarget section */
		F4727D8520ECE819002BBDDA /* Concentration */ = {
			isa = PBXNativeTarget;
			buildConfigurationList = F4727D9820ECE81A002BBDDA /* Build configuration list for PBXNativeTarget "Concentration" */;
			buildPhases = (
				F4727D8220ECE819002BBDDA /* Sources */,
				F4727D8320ECE819002BBDDA /* Frameworks */,
				F4727D8420ECE819002BBDDA /* Resources */,
			);
			buildRules = (
			);
			dependencies = (
			);
			name = Concentration;
			productName = StanfordiOSClassWeek1;
			productReference = F4727D8620ECE819002BBDDA /* Concentration.app */;
			productType = "com.apple.product-type.application";
		};
/* End PBXNativeTarget section */

/* Begin PBXProject section */
		F4727D7E20ECE819002BBDDA /* Project object */ = {
			isa = PBXProject;
			attributes = {
				LastSwiftUpdateCheck = 0940;
				LastUpgradeCheck = 0940;
				ORGANIZATIONNAME = "Cong Doan";
				TargetAttributes = {
					F4727D8520ECE819002BBDDA = {
						CreatedOnToolsVersion = 9.4;
					};
				};
			};
			buildConfigurationList = F4727D8120ECE819002BBDDA /* Build configuration list for PBXProject "Concentration" */;
			compatibilityVersion = "Xcode 9.3";
			developmentRegion = en;
			hasScannedForEncodings = 0;
			knownRegions = (
				en,
				Base,
			);
			mainGroup = F4727D7D20ECE819002BBDDA;
			productRefGroup = F4727D8720ECE819002BBDDA /* Products */;
			projectDirPath = "";
			projectRoot = "";
			targets = (
				F4727D8520ECE819002BBDDA /* Concentration */,
			);
		};
/* End PBXProject section */

/* Begin PBXResourcesBuildPhase section */
		F4727D8420ECE819002BBDDA /* Resources */ = {
			isa = PBXResourcesBuildPhase;
			buildActionMask = 2147483647;
			files = (
				F4727D9420ECE81A002BBDDA /* LaunchScreen.storyboard in Resources */,
				F4727D9120ECE81A002BBDDA /* Assets.xcassets in Resources */,
				F4727D8F20ECE819002BBDDA /* Main.storyboard in Resources */,
			);
			runOnlyForDeploymentPostprocessing = 0;
		};
/* End PBXResourcesBuildPhase section */

/* Begin PBXSourcesBuildPhase section */
		F4727D8220ECE819002BBDDA /* Sources */ = {
			isa = PBXSourcesBuildPhase;
			buildActionMask = 2147483647;
			files = (
				F4727D8C20ECE819002BBDDA /* ViewController.swift in Sources */,
				F4727D8A20ECE819002BBDDA /* AppDelegate.swift in Sources */,
				F4BFAB5D20EE425A00D35258 /* HelperExtensions.swift in Sources */,
				F4BFAB5920EDAE3C00D35258 /* Concentration.swift in Sources */,
				F4BFAB5B20EDAF2600D35258 /* Card.swift in Sources */,
			);
			runOnlyForDeploymentPostprocessing = 0;
		};
/* End PBXSourcesBuildPhase section */

/* Begin PBXVariantGroup section */
		F4727D8D20ECE819002BBDDA /* Main.storyboard */ = {
			isa = PBXVariantGroup;
			children = (
				F4727D8E20ECE819002BBDDA /* Base */,
			);
			name = Main.storyboard;
			sourceTree = "<group>";
		};
		F4727D9220ECE81A002BBDDA /* LaunchScreen.storyboard */ = {
			isa = PBXVariantGroup;
			children = (
				F4727D9320ECE81A002BBDDA /* Base */,
			);
			name = LaunchScreen.storyboard;
			sourceTree = "<group>";
		};
/* End PBXVariantGroup section */

/* Begin XCBuildConfiguration section */
		F4727D9620ECE81A002BBDDA /* Debug */ = {
			isa = XCBuildConfiguration;
			buildSettings = {
				ALWAYS_SEARCH_USER_PATHS = NO;
				CLANG_ANALYZER_NONNULL = YES;
				CLANG_ANALYZER_NUMBER_OBJECT_CONVERSION = YES_AGGRESSIVE;
				CLANG_CXX_LANGUAGE_STANDARD = "gnu++14";
				CLANG_CXX_LIBRARY = "libc++";
				CLANG_ENABLE_MODULES = YES;
				CLANG_ENABLE_OBJC_ARC = YES;
				CLANG_ENABLE_OBJC_WEAK = YES;
				CLANG_WARN_BLOCK_CAPTURE_AUTORELEASING = YES;
				CLANG_WARN_BOOL_CONVERSION = YES;
				CLANG_WARN_COMMA = YES;
				CLANG_WARN_CONSTANT_CONVERSION = YES;
				CLANG_WARN_DEPRECATED_OBJC_IMPLEMENTATIONS = YES;
				CLANG_WARN_DIRECT_OBJC_ISA_USAGE = YES_ERROR;
				CLANG_WARN_DOCUMENTATION_COMMENTS = YES;
				CLANG_WARN_EMPTY_BODY = YES;
				CLANG_WARN_ENUM_CONVERSION = YES;
				CLANG_WARN_INFINITE_RECURSION = YES;
				CLANG_WARN_INT_CONVERSION = YES;
				CLANG_WARN_NON_LITERAL_NULL_CONVERSION = YES;
				CLANG_WARN_OBJC_IMPLICIT_RETAIN_SELF = YES;
				CLANG_WARN_OBJC_LITERAL_CONVERSION = YES;
				CLANG_WARN_OBJC_ROOT_CLASS = YES_ERROR;
				CLANG_WARN_RANGE_LOOP_ANALYSIS = YES;
				CLANG_WARN_STRICT_PROTOTYPES = YES;
				CLANG_WARN_SUSPICIOUS_MOVE = YES;
				CLANG_WARN_UNGUARDED_AVAILABILITY = YES_AGGRESSIVE;
				CLANG_WARN_UNREACHABLE_CODE = YES;
				CLANG_WARN__DUPLICATE_METHOD_MATCH = YES;
				CODE_SIGN_IDENTITY = "iPhone Developer";
				COPY_PHASE_STRIP = NO;
				DEBUG_INFORMATION_FORMAT = dwarf;
				ENABLE_STRICT_OBJC_MSGSEND = YES;
				ENABLE_TESTABILITY = YES;
				GCC_C_LANGUAGE_STANDARD = gnu11;
				GCC_DYNAMIC_NO_PIC = NO;
				GCC_NO_COMMON_BLOCKS = YES;
				GCC_OPTIMIZATION_LEVEL = 0;
				GCC_PREPROCESSOR_DEFINITIONS = (
					"DEBUG=1",
					"$(inherited)",
				);
				GCC_WARN_64_TO_32_BIT_CONVERSION = YES;
				GCC_WARN_ABOUT_RETURN_TYPE = YES_ERROR;
				GCC_WARN_UNDECLARED_SELECTOR = YES;
				GCC_WARN_UNINITIALIZED_AUTOS = YES_AGGRESSIVE;
				GCC_WARN_UNUSED_FUNCTION = YES;
				GCC_WARN_UNUSED_VARIABLE = YES;
				IPHONEOS_DEPLOYMENT_TARGET = 11.4;
				MTL_ENABLE_DEBUG_INFO = YES;
				ONLY_ACTIVE_ARCH = YES;
				SDKROOT = iphoneos;
				SWIFT_ACTIVE_COMPILATION_CONDITIONS = DEBUG;
				SWIFT_OPTIMIZATION_LEVEL = "-Onone";
			};
			name = Debug;
		};
		F4727D9720ECE81A002BBDDA /* Release */ = {
			isa = XCBuildConfiguration;
			buildSettings = {
				ALWAYS_SEARCH_USER_PATHS = NO;
				CLANG_ANALYZER_NONNULL = YES;
				CLANG_ANALYZER_NUMBER_OBJECT_CONVERSION = YES_AGGRESSIVE;
				CLANG_CXX_LANGUAGE_STANDARD = "gnu++14";
				CLANG_CXX_LIBRARY = "libc++";
				CLANG_ENABLE_MODULES = YES;
				CLANG_ENABLE_OBJC_ARC = YES;
				CLANG_ENABLE_OBJC_WEAK = YES;
				CLANG_WARN_BLOCK_CAPTURE_AUTORELEASING = YES;
				CLANG_WARN_BOOL_CONVERSION = YES;
				CLANG_WARN_COMMA = YES;
				CLANG_WARN_CONSTANT_CONVERSION = YES;
				CLANG_WARN_DEPRECATED_OBJC_IMPLEMENTATIONS = YES;
				CLANG_WARN_DIRECT_OBJC_ISA_USAGE = YES_ERROR;
				CLANG_WARN_DOCUMENTATION_COMMENTS = YES;
				CLANG_WARN_EMPTY_BODY = YES;
				CLANG_WARN_ENUM_CONVERSION = YES;
				CLANG_WARN_INFINITE_RECURSION = YES;
				CLANG_WARN_INT_CONVERSION = YES;
				CLANG_WARN_NON_LITERAL_NULL_CONVERSION = YES;
				CLANG_WARN_OBJC_IMPLICIT_RETAIN_SELF = YES;
				CLANG_WARN_OBJC_LITERAL_CONVERSION = YES;
				CLANG_WARN_OBJC_ROOT_CLASS = YES_ERROR;
				CLANG_WARN_RANGE_LOOP_ANALYSIS = YES;
				CLANG_WARN_STRICT_PROTOTYPES = YES;
				CLANG_WARN_SUSPICIOUS_MOVE = YES;
				CLANG_WARN_UNGUARDED_AVAILABILITY = YES_AGGRESSIVE;
				CLANG_WARN_UNREACHABLE_CODE = YES;
				CLANG_WARN__DUPLICATE_METHOD_MATCH = YES;
				CODE_SIGN_IDENTITY = "iPhone Developer";
				COPY_PHASE_STRIP = NO;
				DEBUG_INFORMATION_FORMAT = "dwarf-with-dsym";
				ENABLE_NS_ASSERTIONS = NO;
				ENABLE_STRICT_OBJC_MSGSEND = YES;
				GCC_C_LANGUAGE_STANDARD = gnu11;
				GCC_NO_COMMON_BLOCKS = YES;
				GCC_WARN_64_TO_32_BIT_CONVERSION = YES;
				GCC_WARN_ABOUT_RETURN_TYPE = YES_ERROR;
				GCC_WARN_UNDECLARED_SELECTOR = YES;
				GCC_WARN_UNINITIALIZED_AUTOS = YES_AGGRESSIVE;
				GCC_WARN_UNUSED_FUNCTION = YES;
				GCC_WARN_UNUSED_VARIABLE = YES;
				IPHONEOS_DEPLOYMENT_TARGET = 11.4;
				MTL_ENABLE_DEBUG_INFO = NO;
				SDKROOT = iphoneos;
				SWIFT_COMPILATION_MODE = wholemodule;
				SWIFT_OPTIMIZATION_LEVEL = "-O";
				VALIDATE_PRODUCT = YES;
			};
			name = Release;
		};
		F4727D9920ECE81A002BBDDA /* Debug */ = {
			isa = XCBuildConfiguration;
			buildSettings = {
				ASSETCATALOG_COMPILER_APPICON_NAME = AppIcon;
				CODE_SIGN_STYLE = Automatic;
				DEVELOPMENT_TEAM = R8VH3WZA2V;
				INFOPLIST_FILE = Concentration/Info.plist;
				LD_RUNPATH_SEARCH_PATHS = (
					"$(inherited)",
					"@executable_path/Frameworks",
				);
				PRODUCT_BUNDLE_IDENTIFIER = com.cdoan.Concentration;
				PRODUCT_NAME = "$(TARGET_NAME)";
				SWIFT_VERSION = 4.0;
				TARGETED_DEVICE_FAMILY = "1,2";
			};
			name = Debug;
		};
		F4727D9A20ECE81A002BBDDA /* Release */ = {
			isa = XCBuildConfiguration;
			buildSettings = {
				ASSETCATALOG_COMPILER_APPICON_NAME = AppIcon;
				CODE_SIGN_STYLE = Automatic;
				DEVELOPMENT_TEAM = R8VH3WZA2V;
				INFOPLIST_FILE = Concentration/Info.plist;
				LD_RUNPATH_SEARCH_PATHS = (
					"$(inherited)",
					"@executable_path/Frameworks",
				);
				PRODUCT_BUNDLE_IDENTIFIER = com.cdoan.Concentration;
				PRODUCT_NAME = "$(TARGET_NAME)";
				SWIFT_VERSION = 4.0;
				TARGETED_DEVICE_FAMILY = "1,2";
			};
			name = Release;
		};
/* End XCBuildConfiguration section */

/* Begin XCConfigurationList section */
		F4727D8120ECE819002BBDDA /* Build configuration list for PBXProject "Concentration" */ = {
			isa = XCConfigurationList;
			buildConfigurations = (
				F4727D9620ECE81A002BBDDA /* Debug */,
				F4727D9720ECE81A002BBDDA /* Release */,
			);
			defaultConfigurationIsVisible = 0;
			defaultConfigurationName = Release;
		};
		F4727D9820ECE81A002BBDDA /* Build configuration list for PBXNativeTarget "Concentration" */ = {
			isa = XCConfigurationList;
			buildConfigurations = (
				F4727D9920ECE81A002BBDDA /* Debug */,
				F4727D9A20ECE81A002BBDDA /* Release */,
			);
			defaultConfigurationIsVisible = 0;
			defaultConfigurationName = Release;
		};
/* End XCConfigurationList section */
	};
	rootObject = F4727D7E20ECE819002BBDDA /* Project object */;
}
